// !$*UTF8*$!
{
	archiveVersion = 1;
	classes = {
	};
	objectVersion = 46;
	objects = {

/* Begin PBXBuildFile section */
		CCEEA42F1D79A71800C76348 /* main.m in Sources */ = {isa = PBXBuildFile; fileRef = CCEEA42E1D79A71800C76348 /* main.m */; };
		CCEEA4321D79A71800C76348 /* AppDelegate.m in Sources */ = {isa = PBXBuildFile; fileRef = CCEEA4311D79A71800C76348 /* AppDelegate.m */; };
		CCEEA4381D79A71800C76348 /* Main.storyboard in Resources */ = {isa = PBXBuildFile; fileRef = CCEEA4361D79A71800C76348 /* Main.storyboard */; };
		CCEEA43A1D79A71800C76348 /* Assets.xcassets in Resources */ = {isa = PBXBuildFile; fileRef = CCEEA4391D79A71800C76348 /* Assets.xcassets */; };
		CCEEA43D1D79A71800C76348 /* LaunchScreen.storyboard in Resources */ = {isa = PBXBuildFile; fileRef = CCEEA43B1D79A71800C76348 /* LaunchScreen.storyboard */; };
		CCEEA44A1D79ACCD00C76348 /* ViewController.m in Sources */ = {isa = PBXBuildFile; fileRef = CCEEA4451D79ACCD00C76348 /* ViewController.m */; };
		CCEEA44B1D79ACCD00C76348 /* SYWaterflowView.m in Sources */ = {isa = PBXBuildFile; fileRef = CCEEA4471D79ACCD00C76348 /* SYWaterflowView.m */; };
		CCEEA44C1D79ACCD00C76348 /* SYWaterflowViewCell.m in Sources */ = {isa = PBXBuildFile; fileRef = CCEEA4491D79ACCD00C76348 /* SYWaterflowViewCell.m */; };
/* End PBXBuildFile section */

/* Begin PBXFileReference section */
		CCEEA42A1D79A71800C76348 /* SYWaterfallView.app */ = {isa = PBXFileReference; explicitFileType = wrapper.application; includeInIndex = 0; path = SYWaterfallView.app; sourceTree = BUILT_PRODUCTS_DIR; };
		CCEEA42E1D79A71800C76348 /* main.m */ = {isa = PBXFileReference; lastKnownFileType = sourcecode.c.objc; path = main.m; sourceTree = "<group>"; };
		CCEEA4301D79A71800C76348 /* AppDelegate.h */ = {isa = PBXFileReference; lastKnownFileType = sourcecode.c.h; path = AppDelegate.h; sourceTree = "<group>"; };
		CCEEA4311D79A71800C76348 /* AppDelegate.m */ = {isa = PBXFileReference; lastKnownFileType = sourcecode.c.objc; path = AppDelegate.m; sourceTree = "<group>"; };
		CCEEA4371D79A71800C76348 /* Base */ = {isa = PBXFileReference; lastKnownFileType = file.storyboard; name = Base; path = Base.lproj/Main.storyboard; sourceTree = "<group>"; };
		CCEEA4391D79A71800C76348 /* Assets.xcassets */ = {isa = PBXFileReference; lastKnownFileType = folder.assetcatalog; path = Assets.xcassets; sourceTree = "<group>"; };
		CCEEA43C1D79A71800C76348 /* Base */ = {isa = PBXFileReference; lastKnownFileType = file.storyboard; name = Base; path = Base.lproj/LaunchScreen.storyboard; sourceTree = "<group>"; };
		CCEEA43E1D79A71800C76348 /* Info.plist */ = {isa = PBXFileReference; lastKnownFileType = text.plist.xml; path = Info.plist; sourceTree = "<group>"; };
		CCEEA4441D79ACCD00C76348 /* ViewController.h */ = {isa = PBXFileReference; fileEncoding = 4; lastKnownFileType = sourcecode.c.h; path = ViewController.h; sourceTree = "<group>"; };
		CCEEA4451D79ACCD00C76348 /* ViewController.m */ = {isa = PBXFileReference; fileEncoding = 4; lastKnownFileType = sourcecode.c.objc; path = ViewController.m; sourceTree = "<group>"; };
		CCEEA4461D79ACCD00C76348 /* SYWaterflowView.h */ = {isa = PBXFileReference; fileEncoding = 4; lastKnownFileType = sourcecode.c.h; path = SYWaterflowView.h; sourceTree = "<group>"; };
		CCEEA4471D79ACCD00C76348 /* SYWaterflowView.m */ = {isa = PBXFileReference; fileEncoding = 4; lastKnownFileType = sourcecode.c.objc; path = SYWaterflowView.m; sourceTree = "<group>"; };
		CCEEA4481D79ACCD00C76348 /* SYWaterflowViewCell.h */ = {isa = PBXFileReference; fileEncoding = 4; lastKnownFileType = sourcecode.c.h; path = SYWaterflowViewCell.h; sourceTree = "<group>"; };
		CCEEA4491D79ACCD00C76348 /* SYWaterflowViewCell.m */ = {isa = PBXFileReference; fileEncoding = 4; lastKnownFileType = sourcecode.c.objc; path = SYWaterflowViewCell.m; sourceTree = "<group>"; };
/* End PBXFileReference section */

/* Begin PBXFrameworksBuildPhase section */
		CCEEA4271D79A71800C76348 /* Frameworks */ = {
			isa = PBXFrameworksBuildPhase;
			buildActionMask = 2147483647;
			files = (
			);
			runOnlyForDeploymentPostprocessing = 0;
		};
/* End PBXFrameworksBuildPhase section */

/* Begin PBXGroup section */
		CCEEA4211D79A71800C76348 = {
			isa = PBXGroup;
			children = (
				CCEEA42C1D79A71800C76348 /* SYWaterfallView */,
				CCEEA42B1D79A71800C76348 /* Products */,
			);
			sourceTree = "<group>";
		};
		CCEEA42B1D79A71800C76348 /* Products */ = {
			isa = PBXGroup;
			children = (
				CCEEA42A1D79A71800C76348 /* SYWaterfallView.app */,
			);
			name = Products;
			sourceTree = "<group>";
		};
		CCEEA42C1D79A71800C76348 /* SYWaterfallView */ = {
			isa = PBXGroup;
			children = (
				CCEEA4301D79A71800C76348 /* AppDelegate.h */,
				CCEEA4311D79A71800C76348 /* AppDelegate.m */,
				CCEEA4441D79ACCD00C76348 /* ViewController.h */,
				CCEEA4451D79ACCD00C76348 /* ViewController.m */,
				CCEEA4461D79ACCD00C76348 /* SYWaterflowView.h */,
				CCEEA4471D79ACCD00C76348 /* SYWaterflowView.m */,
				CCEEA4481D79ACCD00C76348 /* SYWaterflowViewCell.h */,
				CCEEA4491D79ACCD00C76348 /* SYWaterflowViewCell.m */,
				CCEEA4361D79A71800C76348 /* Main.storyboard */,
				CCEEA4391D79A71800C76348 /* Assets.xcassets */,
				CCEEA43B1D79A71800C76348 /* LaunchScreen.storyboard */,
				CCEEA43E1D79A71800C76348 /* Info.plist */,
				CCEEA42D1D79A71800C76348 /* Supporting Files */,
			);
			path = SYWaterfallView;
			sourceTree = "<group>";
		};
		CCEEA42D1D79A71800C76348 /* Supporting Files */ = {
			isa = PBXGroup;
			children = (
				CCEEA42E1D79A71800C76348 /* main.m */,
			);
			name = "Supporting Files";
			sourceTree = "<group>";
		};
/* End PBXGroup section */

/* Begin PBXNativeTarget section */
		CCEEA4291D79A71800C76348 /* SYWaterfallView */ = {
			isa = PBXNativeTarget;
			buildConfigurationList = CCEEA4411D79A71800C76348 /* Build configuration list for PBXNativeTarget "SYWaterfallView" */;
			buildPhases = (
				CCEEA4261D79A71800C76348 /* Sources */,
				CCEEA4271D79A71800C76348 /* Frameworks */,
				CCEEA4281D79A71800C76348 /* Resources */,
			);
			buildRules = (
			);
			dependencies = (
			);
			name = SYWaterfallView;
			productName = SYWaterfallView;
			productReference = CCEEA42A1D79A71800C76348 /* SYWaterfallView.app */;
			productType = "com.apple.product-type.application";
		};
/* End PBXNativeTarget section */

/* Begin PBXProject section */
		CCEEA4221D79A71800C76348 /* Project object */ = {
			isa = PBXProject;
			attributes = {
				LastUpgradeCheck = 0720;
				ORGANIZATIONNAME = shenyue;
				TargetAttributes = {
					CCEEA4291D79A71800C76348 = {
						CreatedOnToolsVersion = 7.2;
						DevelopmentTeam = L98D764NNF;
					};
				};
			};
			buildConfigurationList = CCEEA4251D79A71800C76348 /* Build configuration list for PBXProject "SYWaterfallView" */;
			compatibilityVersion = "Xcode 3.2";
			developmentRegion = English;
			hasScannedForEncodings = 0;
			knownRegions = (
				en,
				Base,
			);
			mainGroup = CCEEA4211D79A71800C76348;
			productRefGroup = CCEEA42B1D79A71800C76348 /* Products */;
			projectDirPath = "";
			projectRoot = "";
			targets = (
				CCEEA4291D79A71800C76348 /* SYWaterfallView */,
			);
		};
/* End PBXProject section */

/* Begin PBXResourcesBuildPhase section */
		CCEEA4281D79A71800C76348 /* Resources */ = {
			isa = PBXResourcesBuildPhase;
			buildActionMask = 2147483647;
			files = (
				CCEEA43D1D79A71800C76348 /* LaunchScreen.storyboard in Resources */,
				CCEEA43A1D79A71800C76348 /* Assets.xcassets in Resources */,
				CCEEA4381D79A71800C76348 /* Main.storyboard in Resources */,
			);
			runOnlyForDeploymentPostprocessing = 0;
		};
/* End PBXResourcesBuildPhase section */

/* Begin PBXSourcesBuildPhase section */
		CCEEA4261D79A71800C76348 /* Sources */ = {
			isa = PBXSourcesBuildPhase;
			buildActionMask = 2147483647;
			files = (
				CCEEA44A1D79ACCD00C76348 /* ViewController.m in Sources */,
				CCEEA4321D79A71800C76348 /* AppDelegate.m in Sources */,
				CCEEA44C1D79ACCD00C76348 /* SYWaterflowViewCell.m in Sources */,
				CCEEA44B1D79ACCD00C76348 /* SYWaterflowView.m in Sources */,
				CCEEA42F1D79A71800C76348 /* main.m in Sources */,
			);
			runOnlyForDeploymentPostprocessing = 0;
		};
/* End PBXSourcesBuildPhase section */

/* Begin PBXVariantGroup section */
		CCEEA4361D79A71800C76348 /* Main.storyboard */ = {
			isa = PBXVariantGroup;
			children = (
				CCEEA4371D79A71800C76348 /* Base */,
			);
			name = Main.storyboard;
			sourceTree = "<group>";
		};
		CCEEA43B1D79A71800C76348 /* LaunchScreen.storyboard */ = {
			isa = PBXVariantGroup;
			children = (
				CCEEA43C1D79A71800C76348 /* Base */,
			);
			name = LaunchScreen.storyboard;
			sourceTree = "<group>";
		};
/* End PBXVariantGroup section */

/* Begin XCBuildConfiguration section */
		CCEEA43F1D79A71800C76348 /* Debug */ = {
			isa = XCBuildConfiguration;
			buildSettings = {
				ALWAYS_SEARCH_USER_PATHS = NO;
				CLANG_CXX_LANGUAGE_STANDARD = "gnu++0x";
				CLANG_CXX_LIBRARY = "libc++";
				CLANG_ENABLE_MODULES = YES;
				CLANG_ENABLE_OBJC_ARC = YES;
				CLANG_WARN_BOOL_CONVERSION = YES;
				CLANG_WARN_CONSTANT_CONVERSION = YES;
				CLANG_WARN_DIRECT_OBJC_ISA_USAGE = YES_ERROR;
				CLANG_WARN_EMPTY_BODY = YES;
				CLANG_WARN_ENUM_CONVERSION = YES;
				CLANG_WARN_INT_CONVERSION = YES;
				CLANG_WARN_OBJC_ROOT_CLASS = YES_ERROR;
				CLANG_WARN_UNREACHABLE_CODE = YES;
				CLANG_WARN__DUPLICATE_METHOD_MATCH = YES;
				"CODE_SIGN_IDENTITY[sdk=iphoneos*]" = "iPhone Developer";
				COPY_PHASE_STRIP = NO;
				DEBUG_INFORMATION_FORMAT = dwarf;
				ENABLE_STRICT_OBJC_MSGSEND = YES;
				ENABLE_TESTABILITY = YES;
				GCC_C_LANGUAGE_STANDARD = gnu99;
				GCC_DYNAMIC_NO_PIC = NO;
				GCC_NO_COMMON_BLOCKS = YES;
				GCC_OPTIMIZATION_LEVEL = 0;
				GCC_PREPROCESSOR_DEFINITIONS = (
					"DEBUG=1",
					"$(inherited)",
				);
				GCC_WARN_64_TO_32_BIT_CONVERSION = YES;
				GCC_WARN_ABOUT_RETURN_TYPE = YES_ERROR;
				GCC_WARN_UNDECLARED_SELECTOR = YES;
				GCC_WARN_UNINITIALIZED_AUTOS = YES_AGGRESSIVE;
				GCC_WARN_UNUSED_FUNCTION = YES;
				GCC_WARN_UNUSED_VARIABLE = YES;
				IPHONEOS_DEPLOYMENT_TARGET = 9.2;
				MTL_ENABLE_DEBUG_INFO = YES;
				ONLY_ACTIVE_ARCH = YES;
				SDKROOT = iphoneos;
			};
			name = Debug;
		};
		CCEEA4401D79A71800C76348 /* Release */ = {
			isa = XCBuildConfiguration;
			buildSettings = {
				ALWAYS_SEARCH_USER_PATHS = NO;
				CLANG_CXX_LANGUAGE_STANDARD = "gnu++0x";
				CLANG_CXX_LIBRARY = "libc++";
				CLANG_ENABLE_MODULES = YES;
				CLANG_ENABLE_OBJC_ARC = YES;
				CLANG_WARN_BOOL_CONVERSION = YES;
				CLANG_WARN_CONSTANT_CONVERSION = YES;
				CLANG_WARN_DIRECT_OBJC_ISA_USAGE = YES_ERROR;
				CLANG_WARN_EMPTY_BODY = YES;
				CLANG_WARN_ENUM_CONVERSION = YES;
				CLANG_WARN_INT_CONVERSION = YES;
				CLANG_WARN_OBJC_ROOT_CLASS = YES_ERROR;
				CLANG_WARN_UNREACHABLE_CODE = YES;
				CLANG_WARN__DUPLICATE_METHOD_MATCH = YES;
				"CODE_SIGN_IDENTITY[sdk=iphoneos*]" = "iPhone Developer";
				COPY_PHASE_STRIP = NO;
				DEBUG_INFORMATION_FORMAT = "dwarf-with-dsym";
				ENABLE_NS_ASSERTIONS = NO;
				ENABLE_STRICT_OBJC_MSGSEND = YES;
				GCC_C_LANGUAGE_STANDARD = gnu99;
				GCC_NO_COMMON_BLOCKS = YES;
				GCC_WARN_64_TO_32_BIT_CONVERSION = YES;
				GCC_WARN_ABOUT_RETURN_TYPE = YES_ERROR;
				GCC_WARN_UNDECLARED_SELECTOR = YES;
				GCC_WARN_UNINITIALIZED_AUTOS = YES_AGGRESSIVE;
				GCC_WARN_UNUSED_FUNCTION = YES;
				GCC_WARN_UNUSED_VARIABLE = YES;
				IPHONEOS_DEPLOYMENT_TARGET = 9.2;
				MTL_ENABLE_DEBUG_INFO = NO;
				SDKROOT = iphoneos;
				VALIDATE_PRODUCT = YES;
			};
			name = Release;
		};
		CCEEA4421D79A71800C76348 /* Debug */ = {
			isa = XCBuildConfiguration;
			buildSettings = {
				ASSETCATALOG_COMPILER_APPICON_NAME = AppIcon;
				INFOPLIST_FILE = SYWaterfallView/Info.plist;
				LD_RUNPATH_SEARCH_PATHS = "$(inherited) @executable_path/Frameworks";
				PRODUCT_BUNDLE_IDENTIFIER = com.tedu.SYWaterfallView;
				PRODUCT_NAME = "$(TARGET_NAME)";
			};
			name = Debug;
		};
		CCEEA4431D79A71800C76348 /* Release */ = {
			isa = XCBuildConfiguration;
			buildSettings = {
				ASSETCATALOG_COMPILER_APPICON_NAME = AppIcon;
				INFOPLIST_FILE = SYWaterfallView/Info.plist;
				LD_RUNPATH_SEARCH_PATHS = "$(inherited) @executable_path/Frameworks";
				PRODUCT_BUNDLE_IDENTIFIER = com.tedu.SYWaterfallView;
				PRODUCT_NAME = "$(TARGET_NAME)";
			};
			name = Release;
		};
/* End XCBuildConfiguration section */

/* Begin XCConfigurationList section */
		CCEEA4251D79A71800C76348 /* Build configuration list for PBXProject "SYWaterfallView" */ = {
			isa = XCConfigurationList;
			buildConfigurations = (
				CCEEA43F1D79A71800C76348 /* Debug */,
				CCEEA4401D79A71800C76348 /* Release */,
			);
			defaultConfigurationIsVisible = 0;
			defaultConfigurationName = Release;
		};
		CCEEA4411D79A71800C76348 /* Build configuration list for PBXNativeTarget "SYWaterfallView" */ = {
			isa = XCConfigurationList;
			buildConfigurations = (
				CCEEA4421D79A71800C76348 /* Debug */,
				CCEEA4431D79A71800C76348 /* Release */,
			);
			defaultConfigurationIsVisible = 0;
			defaultConfigurationName = Release;
		};
/* End XCConfigurationList section */
	};
	rootObject = CCEEA4221D79A71800C76348 /* Project object */;
}
